
Microsoft Visual Studio Solution File, Format Version 12.00
# Visual Studio Version 16
VisualStudioVersion = 16.0.31605.320
MinimumVisualStudioVersion = 10.0.40219.1
Project("{FAE04EC0-301F-11D3-BF4B-00C04F79EFBC}") = "randomNumberGame", "randomNumberGame\randomNumberGame.csproj", "{790D1B82-4310-465F-B69A-7D40B3A42C50}"
EndProject
Global
	GlobalSection(SolutionConfigurationPlatforms) = preSolution
		Debug|Any CPU = Debug|Any CPU
		Release|Any CPU = Release|Any CPU
	EndGlobalSection
	GlobalSection(ProjectConfigurationPlatforms) = postSolution
		{790D1B82-4310-465F-B69A-7D40B3A42C50}.Debug|Any CPU.ActiveCfg = Debug|Any CPU
		{790D1B82-4310-465F-B69A-7D40B3A42C50}.Debug|Any CPU.Build.0 = Debug|Any CPU
		{790D1B82-4310-465F-B69A-7D40B3A42C50}.Release|Any CPU.ActiveCfg = Release|Any CPU
		{790D1B82-4310-465F-B69A-7D40B3A42C50}.Release|Any CPU.Build.0 = Release|Any CPU
	EndGlobalSection
	GlobalSection(SolutionProperties) = preSolution
		HideSolutionNode = FALSE
	EndGlobalSection
	GlobalSection(ExtensibilityGlobals) = postSolution
		SolutionGuid = {36115334-43E4-40FB-888E-87F8A71169D6}
	EndGlobalSection
EndGlobal
